{
  "name": "Counter",
  "lockfileVersion": 2,
  "requires": true,
  "packages": {
    "": {
      "dependencies": {
        "17zy_jxyw_common_confrim": "^5.0.5"
      },
      "devDependencies": {
        "@types/node": "^15.3.0"
      }
    },
    "node_modules/@types/node": {
      "version": "15.3.0",
      "resolved": "http://npm.17zuoye.net/@types%2fnode/-/node-15.3.0.tgz",
      "integrity": "sha1-1v7X1rxoVDBto96hr5+HSwB4PiY=",
      "dev": true,
      "license": "MIT"
    },
    "node_modules/17zy_jxyw_common_confrim": {
      "version": "5.0.5",
      "resolved": "http://npm.17zuoye.net/17zy_jxyw_common_confrim/-/17zy_jxyw_common_confrim-5.0.5.tgz",
      "integrity": "sha512-suwgy9ObglYab7Mr+AvFvaBsR99mcAIDN7Wy2SsuINelBba3bzRmGbc2w0yqLZsdvWVr8tO8Ewf+nVg1CF2u9Q==",
      "license": "ISC"
    }
  },
  "dependencies": {
    "@types/node": {
      "version": "15.3.0",
      "resolved": "http://npm.17zuoye.net/@types%2fnode/-/node-15.3.0.tgz",
      "integrity": "sha1-1v7X1rxoVDBto96hr5+HSwB4PiY=",
      "dev": true
    },
    "17zy_jxyw_common_confrim": {
      "version": "5.0.5",
      "resolved": "http://npm.17zuoye.net/17zy_jxyw_common_confrim/-/17zy_jxyw_common_confrim-5.0.5.tgz",
      "integrity": "sha512-suwgy9ObglYab7Mr+AvFvaBsR99mcAIDN7Wy2SsuINelBba3bzRmGbc2w0yqLZsdvWVr8tO8Ewf+nVg1CF2u9Q=="
    }
  }
}
